
Microsoft Visual Studio Solution File, Format Version 12.00
# Visual Studio Version 17
VisualStudioVersion = 17.10.35004.147
MinimumVisualStudioVersion = 10.0.40219.1
Project("{FAE04EC0-301F-11D3-BF4B-00C04F79EFBC}") = "FXExchange.Tests", "FXExchange.Tests\FXExchange.Tests.csproj", "{46FA1860-2FB5-4795-8129-177807695160}"
EndProject
Project("{FAE04EC0-301F-11D3-BF4B-00C04F79EFBC}") = "FXExchange.Core", "FXExchange.Core\FXExchange.Core.csproj", "{41B9E0E4-4AEA-4D47-97A6-209B6901620B}"
EndProject
Project("{9A19103F-16F7-4668-BE54-9A1E7A4F7556}") = "FXExchange.ConsoleApp", "FXExchange.ConsoleApp\FXExchange.ConsoleApp.csproj", "{0813F988-8570-48FB-9EFB-CD9F82F072F4}"
EndProject
Global
	GlobalSection(SolutionConfigurationPlatforms) = preSolution
		Debug|Any CPU = Debug|Any CPU
		Release|Any CPU = Release|Any CPU
	EndGlobalSection
	GlobalSection(ProjectConfigurationPlatforms) = postSolution
		{46FA1860-2FB5-4795-8129-177807695160}.Debug|Any CPU.ActiveCfg = Debug|Any CPU
		{46FA1860-2FB5-4795-8129-177807695160}.Debug|Any CPU.Build.0 = Debug|Any CPU
		{46FA1860-2FB5-4795-8129-177807695160}.Release|Any CPU.ActiveCfg = Release|Any CPU
		{46FA1860-2FB5-4795-8129-177807695160}.Release|Any CPU.Build.0 = Release|Any CPU
		{41B9E0E4-4AEA-4D47-97A6-209B6901620B}.Debug|Any CPU.ActiveCfg = Debug|Any CPU
		{41B9E0E4-4AEA-4D47-97A6-209B6901620B}.Debug|Any CPU.Build.0 = Debug|Any CPU
		{41B9E0E4-4AEA-4D47-97A6-209B6901620B}.Release|Any CPU.ActiveCfg = Release|Any CPU
		{41B9E0E4-4AEA-4D47-97A6-209B6901620B}.Release|Any CPU.Build.0 = Release|Any CPU
		{0813F988-8570-48FB-9EFB-CD9F82F072F4}.Debug|Any CPU.ActiveCfg = Debug|Any CPU
		{0813F988-8570-48FB-9EFB-CD9F82F072F4}.Debug|Any CPU.Build.0 = Debug|Any CPU
		{0813F988-8570-48FB-9EFB-CD9F82F072F4}.Release|Any CPU.ActiveCfg = Release|Any CPU
		{0813F988-8570-48FB-9EFB-CD9F82F072F4}.Release|Any CPU.Build.0 = Release|Any CPU
	EndGlobalSection
	GlobalSection(SolutionProperties) = preSolution
		HideSolutionNode = FALSE
	EndGlobalSection
	GlobalSection(ExtensibilityGlobals) = postSolution
		SolutionGuid = {DA0DDB56-82B6-45C4-8B30-6F3BA8F659AD}
	EndGlobalSection
EndGlobal
