
Microsoft Visual Studio Solution File, Format Version 12.00
# Visual Studio Version 17
VisualStudioVersion = 17.10.35004.147
MinimumVisualStudioVersion = 10.0.40219.1
Project("{9A19103F-16F7-4668-BE54-9A1E7A4F7556}") = "FXExchange.ConsoleApp", "src\FXExchange.ConsoleApp\FXExchange.ConsoleApp.csproj", "{654E2E00-EB76-4057-B391-730F45254410}"
EndProject
Project("{9A19103F-16F7-4668-BE54-9A1E7A4F7556}") = "FXExchange.Core", "src\FXExchange.Core\FXExchange.Core.csproj", "{E9EBCCB5-63DD-46E1-9F3C-CFA9B1212E78}"
EndProject
Project("{9A19103F-16F7-4668-BE54-9A1E7A4F7556}") = "FXExchange.Tests", "src\FXExchange.Tests\FXExchange.Tests.csproj", "{CA7B80A2-1B0D-4DCE-96C0-6E20FDC0B01F}"
EndProject
Global
	GlobalSection(SolutionConfigurationPlatforms) = preSolution
		Debug|Any CPU = Debug|Any CPU
		Release|Any CPU = Release|Any CPU
	EndGlobalSection
	GlobalSection(ProjectConfigurationPlatforms) = postSolution
		{654E2E00-EB76-4057-B391-730F45254410}.Debug|Any CPU.ActiveCfg = Debug|Any CPU
		{654E2E00-EB76-4057-B391-730F45254410}.Debug|Any CPU.Build.0 = Debug|Any CPU
		{654E2E00-EB76-4057-B391-730F45254410}.Release|Any CPU.ActiveCfg = Release|Any CPU
		{654E2E00-EB76-4057-B391-730F45254410}.Release|Any CPU.Build.0 = Release|Any CPU
		{E9EBCCB5-63DD-46E1-9F3C-CFA9B1212E78}.Debug|Any CPU.ActiveCfg = Debug|Any CPU
		{E9EBCCB5-63DD-46E1-9F3C-CFA9B1212E78}.Debug|Any CPU.Build.0 = Debug|Any CPU
		{E9EBCCB5-63DD-46E1-9F3C-CFA9B1212E78}.Release|Any CPU.ActiveCfg = Release|Any CPU
		{E9EBCCB5-63DD-46E1-9F3C-CFA9B1212E78}.Release|Any CPU.Build.0 = Release|Any CPU
		{CA7B80A2-1B0D-4DCE-96C0-6E20FDC0B01F}.Debug|Any CPU.ActiveCfg = Debug|Any CPU
		{CA7B80A2-1B0D-4DCE-96C0-6E20FDC0B01F}.Debug|Any CPU.Build.0 = Debug|Any CPU
		{CA7B80A2-1B0D-4DCE-96C0-6E20FDC0B01F}.Release|Any CPU.ActiveCfg = Release|Any CPU
		{CA7B80A2-1B0D-4DCE-96C0-6E20FDC0B01F}.Release|Any CPU.Build.0 = Release|Any CPU
	EndGlobalSection
	GlobalSection(SolutionProperties) = preSolution
		HideSolutionNode = FALSE
	EndGlobalSection
	GlobalSection(ExtensibilityGlobals) = postSolution
		SolutionGuid = {DA0DDB56-82B6-45C4-8B30-6F3BA8F659AD}
	EndGlobalSection
EndGlobal
